
Microsoft Visual Studio Solution File, Format Version 12.00
# Visual Studio 14
VisualStudioVersion = 14.0.23107.0
MinimumVisualStudioVersion = 10.0.40219.1
Project("{2150E333-8FDC-42A3-9474-1A3956D46DE8}") = "DB", "DB", "{DFA9F3AC-2DD3-4911-8F11-0863870FF193}"
EndProject
Project("{FAE04EC0-301F-11D3-BF4B-00C04F79EFBC}") = "DB.MySql", "DB\DB.MySql\DB.MySql.csproj", "{E9153856-6766-4796-82CB-7842714ACA98}"
EndProject
Project("{FAE04EC0-301F-11D3-BF4B-00C04F79EFBC}") = "DB.Redis", "DB\DB.Redis\DB.Redis.csproj", "{5BBA7DC6-18FA-42C2-B018-CA5A681A85AE}"
EndProject
Project("{FAE04EC0-301F-11D3-BF4B-00C04F79EFBC}") = "DB.SqlServer", "DB\DB.SqlServer\DB.SqlServer.csproj", "{BEDC1353-C292-4D2F-956B-FB3107F387B2}"
EndProject
Project("{2150E333-8FDC-42A3-9474-1A3956D46DE8}") = "BLL", "BLL", "{83587480-B9A8-47DA-B232-E0AB62E1595C}"
EndProject
Project("{FAE04EC0-301F-11D3-BF4B-00C04F79EFBC}") = "KANG.BLL", "BLL\KANG.BLL\KANG.BLL.csproj", "{1133F4A5-6B0B-4EF5-B2D9-E7767D921848}"
EndProject
Project("{2150E333-8FDC-42A3-9474-1A3956D46DE8}") = "DAL", "DAL", "{70E6F132-AA26-4D82-91E1-CCCBF8274AE1}"
EndProject
Project("{FAE04EC0-301F-11D3-BF4B-00C04F79EFBC}") = "KANG.DAL", "DAL\KANG.DAL\KANG.DAL.csproj", "{74860D1E-3FDC-4DDC-AB0F-9D24126A525E}"
EndProject
Project("{2150E333-8FDC-42A3-9474-1A3956D46DE8}") = "IDAL", "IDAL", "{DEDACB3E-2C5C-4DE7-A816-0ED705B998AD}"
EndProject
Project("{2150E333-8FDC-42A3-9474-1A3956D46DE8}") = "UI", "UI", "{FD7BE88A-F921-4C39-AE8F-36D02163230D}"
EndProject
Project("{2150E333-8FDC-42A3-9474-1A3956D46DE8}") = "Test", "Test", "{BF7AF08A-1813-4A98-AE8D-7C50824A96D7}"
EndProject
Project("{2150E333-8FDC-42A3-9474-1A3956D46DE8}") = "MODEL", "MODEL", "{DD2AB093-357C-4AC1-B3D3-C7DC4010CEAE}"
EndProject
Project("{FAE04EC0-301F-11D3-BF4B-00C04F79EFBC}") = "KANG.IDAL", "IDAL\KANG.IDAL\KANG.IDAL.csproj", "{C0452CE4-F315-42B6-8CE2-9CF40E6CFA6A}"
EndProject
Project("{FAE04EC0-301F-11D3-BF4B-00C04F79EFBC}") = "ConsoleApp.Test", "Test\ConsoleApp.Test\ConsoleApp.Test.csproj", "{5FCABB0D-26FA-4B34-880B-BDD383EA5884}"
EndProject
Project("{FAE04EC0-301F-11D3-BF4B-00C04F79EFBC}") = "KANG.Web", "UI\KANG.Web\KANG.Web.csproj", "{7EE6CDC3-6524-4715-BD57-FF863BFD925C}"
EndProject
Project("{FAE04EC0-301F-11D3-BF4B-00C04F79EFBC}") = "KANG.MODEL", "MODEL\KANG.MODEL\KANG.MODEL.csproj", "{EE164DDC-5BF6-4125-BEE5-42EDE50F7B64}"
EndProject
Project("{FAE04EC0-301F-11D3-BF4B-00C04F79EFBC}") = "KANG.MySqlDAL", "DAL\KANG.MySql.DAL\KANG.MySqlDAL.csproj", "{C84E5A57-1472-42A7-8318-D0B7100A8911}"
EndProject
Project("{2150E333-8FDC-42A3-9474-1A3956D46DE8}") = "Common", "Common", "{E7AD22D7-8272-4ED9-9402-73550AD8AAEB}"
EndProject
Project("{FAE04EC0-301F-11D3-BF4B-00C04F79EFBC}") = "KANG.Common", "Common\XK.Common\KANG.Common.csproj", "{A49248A4-5A0E-444B-B95D-A13AF3D4A572}"
EndProject
Global
	GlobalSection(SolutionConfigurationPlatforms) = preSolution
		Debug|Any CPU = Debug|Any CPU
		Debug|ARM = Debug|ARM
		Debug|x64 = Debug|x64
		Debug|x86 = Debug|x86
		Release|Any CPU = Release|Any CPU
		Release|ARM = Release|ARM
		Release|x64 = Release|x64
		Release|x86 = Release|x86
	EndGlobalSection
	GlobalSection(ProjectConfigurationPlatforms) = postSolution
		{E9153856-6766-4796-82CB-7842714ACA98}.Debug|Any CPU.ActiveCfg = Debug|Any CPU
		{E9153856-6766-4796-82CB-7842714ACA98}.Debug|Any CPU.Build.0 = Debug|Any CPU
		{E9153856-6766-4796-82CB-7842714ACA98}.Debug|ARM.ActiveCfg = Debug|Any CPU
		{E9153856-6766-4796-82CB-7842714ACA98}.Debug|x64.ActiveCfg = Debug|Any CPU
		{E9153856-6766-4796-82CB-7842714ACA98}.Debug|x86.ActiveCfg = Debug|Any CPU
		{E9153856-6766-4796-82CB-7842714ACA98}.Release|Any CPU.ActiveCfg = Release|Any CPU
		{E9153856-6766-4796-82CB-7842714ACA98}.Release|Any CPU.Build.0 = Release|Any CPU
		{E9153856-6766-4796-82CB-7842714ACA98}.Release|ARM.ActiveCfg = Release|Any CPU
		{E9153856-6766-4796-82CB-7842714ACA98}.Release|x64.ActiveCfg = Release|Any CPU
		{E9153856-6766-4796-82CB-7842714ACA98}.Release|x86.ActiveCfg = Release|Any CPU
		{5BBA7DC6-18FA-42C2-B018-CA5A681A85AE}.Debug|Any CPU.ActiveCfg = Debug|Any CPU
		{5BBA7DC6-18FA-42C2-B018-CA5A681A85AE}.Debug|Any CPU.Build.0 = Debug|Any CPU
		{5BBA7DC6-18FA-42C2-B018-CA5A681A85AE}.Debug|ARM.ActiveCfg = Debug|Any CPU
		{5BBA7DC6-18FA-42C2-B018-CA5A681A85AE}.Debug|x64.ActiveCfg = Debug|Any CPU
		{5BBA7DC6-18FA-42C2-B018-CA5A681A85AE}.Debug|x86.ActiveCfg = Debug|Any CPU
		{5BBA7DC6-18FA-42C2-B018-CA5A681A85AE}.Release|Any CPU.ActiveCfg = Release|Any CPU
		{5BBA7DC6-18FA-42C2-B018-CA5A681A85AE}.Release|Any CPU.Build.0 = Release|Any CPU
		{5BBA7DC6-18FA-42C2-B018-CA5A681A85AE}.Release|ARM.ActiveCfg = Release|Any CPU
		{5BBA7DC6-18FA-42C2-B018-CA5A681A85AE}.Release|x64.ActiveCfg = Release|Any CPU
		{5BBA7DC6-18FA-42C2-B018-CA5A681A85AE}.Release|x86.ActiveCfg = Release|Any CPU
		{BEDC1353-C292-4D2F-956B-FB3107F387B2}.Debug|Any CPU.ActiveCfg = Debug|Any CPU
		{BEDC1353-C292-4D2F-956B-FB3107F387B2}.Debug|Any CPU.Build.0 = Debug|Any CPU
		{BEDC1353-C292-4D2F-956B-FB3107F387B2}.Debug|ARM.ActiveCfg = Debug|Any CPU
		{BEDC1353-C292-4D2F-956B-FB3107F387B2}.Debug|x64.ActiveCfg = Debug|Any CPU
		{BEDC1353-C292-4D2F-956B-FB3107F387B2}.Debug|x86.ActiveCfg = Debug|Any CPU
		{BEDC1353-C292-4D2F-956B-FB3107F387B2}.Release|Any CPU.ActiveCfg = Release|Any CPU
		{BEDC1353-C292-4D2F-956B-FB3107F387B2}.Release|Any CPU.Build.0 = Release|Any CPU
		{BEDC1353-C292-4D2F-956B-FB3107F387B2}.Release|ARM.ActiveCfg = Release|Any CPU
		{BEDC1353-C292-4D2F-956B-FB3107F387B2}.Release|x64.ActiveCfg = Release|Any CPU
		{BEDC1353-C292-4D2F-956B-FB3107F387B2}.Release|x86.ActiveCfg = Release|Any CPU
		{1133F4A5-6B0B-4EF5-B2D9-E7767D921848}.Debug|Any CPU.ActiveCfg = Debug|Any CPU
		{1133F4A5-6B0B-4EF5-B2D9-E7767D921848}.Debug|Any CPU.Build.0 = Debug|Any CPU
		{1133F4A5-6B0B-4EF5-B2D9-E7767D921848}.Debug|ARM.ActiveCfg = Debug|Any CPU
		{1133F4A5-6B0B-4EF5-B2D9-E7767D921848}.Debug|x64.ActiveCfg = Debug|Any CPU
		{1133F4A5-6B0B-4EF5-B2D9-E7767D921848}.Debug|x86.ActiveCfg = Debug|Any CPU
		{1133F4A5-6B0B-4EF5-B2D9-E7767D921848}.Release|Any CPU.ActiveCfg = Release|Any CPU
		{1133F4A5-6B0B-4EF5-B2D9-E7767D921848}.Release|Any CPU.Build.0 = Release|Any CPU
		{1133F4A5-6B0B-4EF5-B2D9-E7767D921848}.Release|ARM.ActiveCfg = Release|Any CPU
		{1133F4A5-6B0B-4EF5-B2D9-E7767D921848}.Release|x64.ActiveCfg = Release|Any CPU
		{1133F4A5-6B0B-4EF5-B2D9-E7767D921848}.Release|x86.ActiveCfg = Release|Any CPU
		{74860D1E-3FDC-4DDC-AB0F-9D24126A525E}.Debug|Any CPU.ActiveCfg = Debug|Any CPU
		{74860D1E-3FDC-4DDC-AB0F-9D24126A525E}.Debug|Any CPU.Build.0 = Debug|Any CPU
		{74860D1E-3FDC-4DDC-AB0F-9D24126A525E}.Debug|ARM.ActiveCfg = Debug|Any CPU
		{74860D1E-3FDC-4DDC-AB0F-9D24126A525E}.Debug|x64.ActiveCfg = Debug|Any CPU
		{74860D1E-3FDC-4DDC-AB0F-9D24126A525E}.Debug|x86.ActiveCfg = Debug|Any CPU
		{74860D1E-3FDC-4DDC-AB0F-9D24126A525E}.Release|Any CPU.ActiveCfg = Release|Any CPU
		{74860D1E-3FDC-4DDC-AB0F-9D24126A525E}.Release|Any CPU.Build.0 = Release|Any CPU
		{74860D1E-3FDC-4DDC-AB0F-9D24126A525E}.Release|ARM.ActiveCfg = Release|Any CPU
		{74860D1E-3FDC-4DDC-AB0F-9D24126A525E}.Release|x64.ActiveCfg = Release|Any CPU
		{74860D1E-3FDC-4DDC-AB0F-9D24126A525E}.Release|x86.ActiveCfg = Release|Any CPU
		{C0452CE4-F315-42B6-8CE2-9CF40E6CFA6A}.Debug|Any CPU.ActiveCfg = Debug|Any CPU
		{C0452CE4-F315-42B6-8CE2-9CF40E6CFA6A}.Debug|Any CPU.Build.0 = Debug|Any CPU
		{C0452CE4-F315-42B6-8CE2-9CF40E6CFA6A}.Debug|ARM.ActiveCfg = Debug|Any CPU
		{C0452CE4-F315-42B6-8CE2-9CF40E6CFA6A}.Debug|x64.ActiveCfg = Debug|Any CPU
		{C0452CE4-F315-42B6-8CE2-9CF40E6CFA6A}.Debug|x86.ActiveCfg = Debug|Any CPU
		{C0452CE4-F315-42B6-8CE2-9CF40E6CFA6A}.Release|Any CPU.ActiveCfg = Release|Any CPU
		{C0452CE4-F315-42B6-8CE2-9CF40E6CFA6A}.Release|Any CPU.Build.0 = Release|Any CPU
		{C0452CE4-F315-42B6-8CE2-9CF40E6CFA6A}.Release|ARM.ActiveCfg = Release|Any CPU
		{C0452CE4-F315-42B6-8CE2-9CF40E6CFA6A}.Release|x64.ActiveCfg = Release|Any CPU
		{C0452CE4-F315-42B6-8CE2-9CF40E6CFA6A}.Release|x86.ActiveCfg = Release|Any CPU
		{5FCABB0D-26FA-4B34-880B-BDD383EA5884}.Debug|Any CPU.ActiveCfg = Debug|Any CPU
		{5FCABB0D-26FA-4B34-880B-BDD383EA5884}.Debug|Any CPU.Build.0 = Debug|Any CPU
		{5FCABB0D-26FA-4B34-880B-BDD383EA5884}.Debug|ARM.ActiveCfg = Debug|Any CPU
		{5FCABB0D-26FA-4B34-880B-BDD383EA5884}.Debug|x64.ActiveCfg = Debug|Any CPU
		{5FCABB0D-26FA-4B34-880B-BDD383EA5884}.Debug|x86.ActiveCfg = Debug|Any CPU
		{5FCABB0D-26FA-4B34-880B-BDD383EA5884}.Release|Any CPU.ActiveCfg = Release|Any CPU
		{5FCABB0D-26FA-4B34-880B-BDD383EA5884}.Release|Any CPU.Build.0 = Release|Any CPU
		{5FCABB0D-26FA-4B34-880B-BDD383EA5884}.Release|ARM.ActiveCfg = Release|Any CPU
		{5FCABB0D-26FA-4B34-880B-BDD383EA5884}.Release|x64.ActiveCfg = Release|Any CPU
		{5FCABB0D-26FA-4B34-880B-BDD383EA5884}.Release|x86.ActiveCfg = Release|Any CPU
		{7EE6CDC3-6524-4715-BD57-FF863BFD925C}.Debug|Any CPU.ActiveCfg = Debug|Any CPU
		{7EE6CDC3-6524-4715-BD57-FF863BFD925C}.Debug|Any CPU.Build.0 = Debug|Any CPU
		{7EE6CDC3-6524-4715-BD57-FF863BFD925C}.Debug|ARM.ActiveCfg = Debug|Any CPU
		{7EE6CDC3-6524-4715-BD57-FF863BFD925C}.Debug|x64.ActiveCfg = Debug|Any CPU
		{7EE6CDC3-6524-4715-BD57-FF863BFD925C}.Debug|x86.ActiveCfg = Debug|Any CPU
		{7EE6CDC3-6524-4715-BD57-FF863BFD925C}.Release|Any CPU.ActiveCfg = Release|Any CPU
		{7EE6CDC3-6524-4715-BD57-FF863BFD925C}.Release|Any CPU.Build.0 = Release|Any CPU
		{7EE6CDC3-6524-4715-BD57-FF863BFD925C}.Release|ARM.ActiveCfg = Release|Any CPU
		{7EE6CDC3-6524-4715-BD57-FF863BFD925C}.Release|x64.ActiveCfg = Release|Any CPU
		{7EE6CDC3-6524-4715-BD57-FF863BFD925C}.Release|x86.ActiveCfg = Release|Any CPU
		{EE164DDC-5BF6-4125-BEE5-42EDE50F7B64}.Debug|Any CPU.ActiveCfg = Debug|Any CPU
		{EE164DDC-5BF6-4125-BEE5-42EDE50F7B64}.Debug|Any CPU.Build.0 = Debug|Any CPU
		{EE164DDC-5BF6-4125-BEE5-42EDE50F7B64}.Debug|ARM.ActiveCfg = Debug|Any CPU
		{EE164DDC-5BF6-4125-BEE5-42EDE50F7B64}.Debug|x64.ActiveCfg = Debug|Any CPU
		{EE164DDC-5BF6-4125-BEE5-42EDE50F7B64}.Debug|x86.ActiveCfg = Debug|Any CPU
		{EE164DDC-5BF6-4125-BEE5-42EDE50F7B64}.Release|Any CPU.ActiveCfg = Release|Any CPU
		{EE164DDC-5BF6-4125-BEE5-42EDE50F7B64}.Release|Any CPU.Build.0 = Release|Any CPU
		{EE164DDC-5BF6-4125-BEE5-42EDE50F7B64}.Release|ARM.ActiveCfg = Release|Any CPU
		{EE164DDC-5BF6-4125-BEE5-42EDE50F7B64}.Release|x64.ActiveCfg = Release|Any CPU
		{EE164DDC-5BF6-4125-BEE5-42EDE50F7B64}.Release|x86.ActiveCfg = Release|Any CPU
		{C84E5A57-1472-42A7-8318-D0B7100A8911}.Debug|Any CPU.ActiveCfg = Debug|Any CPU
		{C84E5A57-1472-42A7-8318-D0B7100A8911}.Debug|Any CPU.Build.0 = Debug|Any CPU
		{C84E5A57-1472-42A7-8318-D0B7100A8911}.Debug|ARM.ActiveCfg = Debug|Any CPU
		{C84E5A57-1472-42A7-8318-D0B7100A8911}.Debug|x64.ActiveCfg = Debug|Any CPU
		{C84E5A57-1472-42A7-8318-D0B7100A8911}.Debug|x86.ActiveCfg = Debug|Any CPU
		{C84E5A57-1472-42A7-8318-D0B7100A8911}.Release|Any CPU.ActiveCfg = Release|Any CPU
		{C84E5A57-1472-42A7-8318-D0B7100A8911}.Release|Any CPU.Build.0 = Release|Any CPU
		{C84E5A57-1472-42A7-8318-D0B7100A8911}.Release|ARM.ActiveCfg = Release|Any CPU
		{C84E5A57-1472-42A7-8318-D0B7100A8911}.Release|x64.ActiveCfg = Release|Any CPU
		{C84E5A57-1472-42A7-8318-D0B7100A8911}.Release|x86.ActiveCfg = Release|Any CPU
		{A49248A4-5A0E-444B-B95D-A13AF3D4A572}.Debug|Any CPU.ActiveCfg = Debug|Any CPU
		{A49248A4-5A0E-444B-B95D-A13AF3D4A572}.Debug|Any CPU.Build.0 = Debug|Any CPU
		{A49248A4-5A0E-444B-B95D-A13AF3D4A572}.Debug|ARM.ActiveCfg = Debug|Any CPU
		{A49248A4-5A0E-444B-B95D-A13AF3D4A572}.Debug|ARM.Build.0 = Debug|Any CPU
		{A49248A4-5A0E-444B-B95D-A13AF3D4A572}.Debug|x64.ActiveCfg = Debug|Any CPU
		{A49248A4-5A0E-444B-B95D-A13AF3D4A572}.Debug|x64.Build.0 = Debug|Any CPU
		{A49248A4-5A0E-444B-B95D-A13AF3D4A572}.Debug|x86.ActiveCfg = Debug|Any CPU
		{A49248A4-5A0E-444B-B95D-A13AF3D4A572}.Debug|x86.Build.0 = Debug|Any CPU
		{A49248A4-5A0E-444B-B95D-A13AF3D4A572}.Release|Any CPU.ActiveCfg = Release|Any CPU
		{A49248A4-5A0E-444B-B95D-A13AF3D4A572}.Release|Any CPU.Build.0 = Release|Any CPU
		{A49248A4-5A0E-444B-B95D-A13AF3D4A572}.Release|ARM.ActiveCfg = Release|Any CPU
		{A49248A4-5A0E-444B-B95D-A13AF3D4A572}.Release|ARM.Build.0 = Release|Any CPU
		{A49248A4-5A0E-444B-B95D-A13AF3D4A572}.Release|x64.ActiveCfg = Release|Any CPU
		{A49248A4-5A0E-444B-B95D-A13AF3D4A572}.Release|x64.Build.0 = Release|Any CPU
		{A49248A4-5A0E-444B-B95D-A13AF3D4A572}.Release|x86.ActiveCfg = Release|Any CPU
		{A49248A4-5A0E-444B-B95D-A13AF3D4A572}.Release|x86.Build.0 = Release|Any CPU
	EndGlobalSection
	GlobalSection(SolutionProperties) = preSolution
		HideSolutionNode = FALSE
	EndGlobalSection
	GlobalSection(NestedProjects) = preSolution
		{E9153856-6766-4796-82CB-7842714ACA98} = {DFA9F3AC-2DD3-4911-8F11-0863870FF193}
		{5BBA7DC6-18FA-42C2-B018-CA5A681A85AE} = {DFA9F3AC-2DD3-4911-8F11-0863870FF193}
		{BEDC1353-C292-4D2F-956B-FB3107F387B2} = {DFA9F3AC-2DD3-4911-8F11-0863870FF193}
		{1133F4A5-6B0B-4EF5-B2D9-E7767D921848} = {83587480-B9A8-47DA-B232-E0AB62E1595C}
		{74860D1E-3FDC-4DDC-AB0F-9D24126A525E} = {70E6F132-AA26-4D82-91E1-CCCBF8274AE1}
		{C0452CE4-F315-42B6-8CE2-9CF40E6CFA6A} = {DEDACB3E-2C5C-4DE7-A816-0ED705B998AD}
		{5FCABB0D-26FA-4B34-880B-BDD383EA5884} = {BF7AF08A-1813-4A98-AE8D-7C50824A96D7}
		{7EE6CDC3-6524-4715-BD57-FF863BFD925C} = {FD7BE88A-F921-4C39-AE8F-36D02163230D}
		{EE164DDC-5BF6-4125-BEE5-42EDE50F7B64} = {DD2AB093-357C-4AC1-B3D3-C7DC4010CEAE}
		{C84E5A57-1472-42A7-8318-D0B7100A8911} = {70E6F132-AA26-4D82-91E1-CCCBF8274AE1}
		{A49248A4-5A0E-444B-B95D-A13AF3D4A572} = {E7AD22D7-8272-4ED9-9402-73550AD8AAEB}
	EndGlobalSection
EndGlobal
